// !$*UTF8*$!
{
	archiveVersion = 1;
	classes = {
	};
	objectVersion = 50;
	objects = {

/* Begin PBXBuildFile section */
		0905F80725EA8BF900B2D6C9 /* DailyViewController.swift in Sources */ = {isa = PBXBuildFile; fileRef = 0905F80625EA8BF900B2D6C9 /* DailyViewController.swift */; };
		0905F80A25EA8CD400B2D6C9 /* EntryViewController.swift in Sources */ = {isa = PBXBuildFile; fileRef = 0905F80925EA8CD400B2D6C9 /* EntryViewController.swift */; };
		D485B8F525EA747600F55A55 /* AppDelegate.swift in Sources */ = {isa = PBXBuildFile; fileRef = D485B8F425EA747600F55A55 /* AppDelegate.swift */; };
		D485B8F725EA747600F55A55 /* SceneDelegate.swift in Sources */ = {isa = PBXBuildFile; fileRef = D485B8F625EA747600F55A55 /* SceneDelegate.swift */; };
		D485B8F925EA747600F55A55 /* ViewController.swift in Sources */ = {isa = PBXBuildFile; fileRef = D485B8F825EA747600F55A55 /* ViewController.swift */; };
		D485B8FC25EA747600F55A55 /* Main.storyboard in Resources */ = {isa = PBXBuildFile; fileRef = D485B8FA25EA747600F55A55 /* Main.storyboard */; };
		D485B8FE25EA747800F55A55 /* Assets.xcassets in Resources */ = {isa = PBXBuildFile; fileRef = D485B8FD25EA747800F55A55 /* Assets.xcassets */; };
		D485B90125EA747800F55A55 /* LaunchScreen.storyboard in Resources */ = {isa = PBXBuildFile; fileRef = D485B8FF25EA747800F55A55 /* LaunchScreen.storyboard */; };
		D485B90E25EA762400F55A55 /* MonthlyViewController.swift in Sources */ = {isa = PBXBuildFile; fileRef = D485B90D25EA762400F55A55 /* MonthlyViewController.swift */; };
		D485B91225EA770100F55A55 /* CheckListViewController.swift in Sources */ = {isa = PBXBuildFile; fileRef = D485B91125EA770100F55A55 /* CheckListViewController.swift */; };
		D485B91525EA773500F55A55 /* CalendarCollectionViewDataSource.swift in Sources */ = {isa = PBXBuildFile; fileRef = D485B91425EA773500F55A55 /* CalendarCollectionViewDataSource.swift */; };
		D485B91825EA776300F55A55 /* Model.swift in Sources */ = {isa = PBXBuildFile; fileRef = D485B91725EA776300F55A55 /* Model.swift */; };
		D485B91B25EA784200F55A55 /* CalendarCollectionViewDateCell.swift in Sources */ = {isa = PBXBuildFile; fileRef = D485B91A25EA784200F55A55 /* CalendarCollectionViewDateCell.swift */; };
		D485B91E25EA785E00F55A55 /* CalendarCollectionViewDateCell.xib in Resources */ = {isa = PBXBuildFile; fileRef = D485B91D25EA785E00F55A55 /* CalendarCollectionViewDateCell.xib */; };
		D485B92225EA78D900F55A55 /* CheckListTableViewCell.swift in Sources */ = {isa = PBXBuildFile; fileRef = D485B92025EA78D900F55A55 /* CheckListTableViewCell.swift */; };
		D485B92325EA78D900F55A55 /* CheckListTableViewCell.xib in Resources */ = {isa = PBXBuildFile; fileRef = D485B92125EA78D900F55A55 /* CheckListTableViewCell.xib */; };
		E36C1AE125ECDEB400F6D4F1 /* WeeklyTableViewDataSource.swift in Sources */ = {isa = PBXBuildFile; fileRef = E36C1AE025ECDEB400F6D4F1 /* WeeklyTableViewDataSource.swift */; };
		E36C1AE425ECE09700F6D4F1 /* WeeklyTableViewDateCell.swift in Sources */ = {isa = PBXBuildFile; fileRef = E36C1AE325ECE09700F6D4F1 /* WeeklyTableViewDateCell.swift */; };
		E36C1AE725ECE58700F6D4F1 /* WeeklyViewController.swift in Sources */ = {isa = PBXBuildFile; fileRef = E36C1AE625ECE58700F6D4F1 /* WeeklyViewController.swift */; };
		E3F97DEB25EE1DD400AB01BF /* ToDoDummyData.swift in Sources */ = {isa = PBXBuildFile; fileRef = E3F97DEA25EE1DD400AB01BF /* ToDoDummyData.swift */; };
		E3F97DEE25EE25FC00AB01BF /* WeeklyDetailViewController.swift in Sources */ = {isa = PBXBuildFile; fileRef = E3F97DED25EE25FC00AB01BF /* WeeklyDetailViewController.swift */; };
		E3F97DF325EE28C600AB01BF /* WeeklyDetailTableViewCell.swift in Sources */ = {isa = PBXBuildFile; fileRef = E3F97DF225EE28C600AB01BF /* WeeklyDetailTableViewCell.swift */; };
		EE5AC34425EA7E3A00D78574 /* FIrstViewController.swift in Sources */ = {isa = PBXBuildFile; fileRef = EE5AC34325EA7E3A00D78574 /* FIrstViewController.swift */; };
/* End PBXBuildFile section */

/* Begin PBXFileReference section */
		0905F80625EA8BF900B2D6C9 /* DailyViewController.swift */ = {isa = PBXFileReference; lastKnownFileType = sourcecode.swift; path = DailyViewController.swift; sourceTree = "<group>"; };
		0905F80925EA8CD400B2D6C9 /* EntryViewController.swift */ = {isa = PBXFileReference; lastKnownFileType = sourcecode.swift; path = EntryViewController.swift; sourceTree = "<group>"; };
		D485B8F125EA747600F55A55 /* SimpleDiary_C.app */ = {isa = PBXFileReference; explicitFileType = wrapper.application; includeInIndex = 0; path = SimpleDiary_C.app; sourceTree = BUILT_PRODUCTS_DIR; };
		D485B8F425EA747600F55A55 /* AppDelegate.swift */ = {isa = PBXFileReference; lastKnownFileType = sourcecode.swift; path = AppDelegate.swift; sourceTree = "<group>"; };
		D485B8F625EA747600F55A55 /* SceneDelegate.swift */ = {isa = PBXFileReference; lastKnownFileType = sourcecode.swift; path = SceneDelegate.swift; sourceTree = "<group>"; };
		D485B8F825EA747600F55A55 /* ViewController.swift */ = {isa = PBXFileReference; lastKnownFileType = sourcecode.swift; path = ViewController.swift; sourceTree = "<group>"; };
		D485B8FB25EA747600F55A55 /* Base */ = {isa = PBXFileReference; lastKnownFileType = file.storyboard; name = Base; path = Base.lproj/Main.storyboard; sourceTree = "<group>"; };
		D485B8FD25EA747800F55A55 /* Assets.xcassets */ = {isa = PBXFileReference; lastKnownFileType = folder.assetcatalog; path = Assets.xcassets; sourceTree = "<group>"; };
		D485B90025EA747800F55A55 /* Base */ = {isa = PBXFileReference; lastKnownFileType = file.storyboard; name = Base; path = Base.lproj/LaunchScreen.storyboard; sourceTree = "<group>"; };
		D485B90225EA747800F55A55 /* Info.plist */ = {isa = PBXFileReference; lastKnownFileType = text.plist.xml; path = Info.plist; sourceTree = "<group>"; };
		D485B90D25EA762400F55A55 /* MonthlyViewController.swift */ = {isa = PBXFileReference; lastKnownFileType = sourcecode.swift; path = MonthlyViewController.swift; sourceTree = "<group>"; };
		D485B91125EA770100F55A55 /* CheckListViewController.swift */ = {isa = PBXFileReference; lastKnownFileType = sourcecode.swift; path = CheckListViewController.swift; sourceTree = "<group>"; };
		D485B91425EA773500F55A55 /* CalendarCollectionViewDataSource.swift */ = {isa = PBXFileReference; lastKnownFileType = sourcecode.swift; path = CalendarCollectionViewDataSource.swift; sourceTree = "<group>"; };
		D485B91725EA776300F55A55 /* Model.swift */ = {isa = PBXFileReference; lastKnownFileType = sourcecode.swift; path = Model.swift; sourceTree = "<group>"; };
		D485B91A25EA784200F55A55 /* CalendarCollectionViewDateCell.swift */ = {isa = PBXFileReference; lastKnownFileType = sourcecode.swift; path = CalendarCollectionViewDateCell.swift; sourceTree = "<group>"; };
		D485B91D25EA785E00F55A55 /* CalendarCollectionViewDateCell.xib */ = {isa = PBXFileReference; lastKnownFileType = file.xib; path = CalendarCollectionViewDateCell.xib; sourceTree = "<group>"; };
		D485B92025EA78D900F55A55 /* CheckListTableViewCell.swift */ = {isa = PBXFileReference; lastKnownFileType = sourcecode.swift; path = CheckListTableViewCell.swift; sourceTree = "<group>"; };
		D485B92125EA78D900F55A55 /* CheckListTableViewCell.xib */ = {isa = PBXFileReference; lastKnownFileType = file.xib; path = CheckListTableViewCell.xib; sourceTree = "<group>"; };
		E36C1AE025ECDEB400F6D4F1 /* WeeklyTableViewDataSource.swift */ = {isa = PBXFileReference; lastKnownFileType = sourcecode.swift; path = WeeklyTableViewDataSource.swift; sourceTree = "<group>"; };
		E36C1AE325ECE09700F6D4F1 /* WeeklyTableViewDateCell.swift */ = {isa = PBXFileReference; lastKnownFileType = sourcecode.swift; path = WeeklyTableViewDateCell.swift; sourceTree = "<group>"; };
		E36C1AE625ECE58700F6D4F1 /* WeeklyViewController.swift */ = {isa = PBXFileReference; lastKnownFileType = sourcecode.swift; path = WeeklyViewController.swift; sourceTree = "<group>"; };
		E3F97DEA25EE1DD400AB01BF /* ToDoDummyData.swift */ = {isa = PBXFileReference; lastKnownFileType = sourcecode.swift; path = ToDoDummyData.swift; sourceTree = "<group>"; };
		E3F97DED25EE25FC00AB01BF /* WeeklyDetailViewController.swift */ = {isa = PBXFileReference; lastKnownFileType = sourcecode.swift; name = WeeklyDetailViewController.swift; path = SimpleDiary_C/Controller/WeeklyDetailViewController.swift; sourceTree = SOURCE_ROOT; };
		E3F97DF225EE28C600AB01BF /* WeeklyDetailTableViewCell.swift */ = {isa = PBXFileReference; lastKnownFileType = sourcecode.swift; path = WeeklyDetailTableViewCell.swift; sourceTree = "<group>"; };
		EE5AC34325EA7E3A00D78574 /* FIrstViewController.swift */ = {isa = PBXFileReference; lastKnownFileType = sourcecode.swift; path = FIrstViewController.swift; sourceTree = "<group>"; };
/* End PBXFileReference section */

/* Begin PBXFrameworksBuildPhase section */
		D485B8EE25EA747600F55A55 /* Frameworks */ = {
			isa = PBXFrameworksBuildPhase;
			buildActionMask = 2147483647;
			files = (
			);
			runOnlyForDeploymentPostprocessing = 0;
		};
/* End PBXFrameworksBuildPhase section */

/* Begin PBXGroup section */
		D485B8E825EA747600F55A55 = {
			isa = PBXGroup;
			children = (
				D485B8F325EA747600F55A55 /* SimpleDiary_C */,
				D485B8F225EA747600F55A55 /* Products */,
			);
			sourceTree = "<group>";
		};
		D485B8F225EA747600F55A55 /* Products */ = {
			isa = PBXGroup;
			children = (
				D485B8F125EA747600F55A55 /* SimpleDiary_C.app */,
			);
			name = Products;
			sourceTree = "<group>";
		};
		D485B8F325EA747600F55A55 /* SimpleDiary_C */ = {
			isa = PBXGroup;
			children = (
				D485B90C25EA75EE00F55A55 /* Controller */,
				D485B90B25EA75E800F55A55 /* View */,
				D485B90A25EA75E400F55A55 /* Model */,
				D485B90925EA75D700F55A55 /* Supporting Files */,
				D485B8F425EA747600F55A55 /* AppDelegate.swift */,
				D485B8F625EA747600F55A55 /* SceneDelegate.swift */,
				D485B90225EA747800F55A55 /* Info.plist */,
			);
			path = SimpleDiary_C;
			sourceTree = "<group>";
		};
		D485B90925EA75D700F55A55 /* Supporting Files */ = {
			isa = PBXGroup;
			children = (
				D485B8FD25EA747800F55A55 /* Assets.xcassets */,
			);
			path = "Supporting Files";
			sourceTree = "<group>";
		};
		D485B90A25EA75E400F55A55 /* Model */ = {
			isa = PBXGroup;
			children = (
				D485B91425EA773500F55A55 /* CalendarCollectionViewDataSource.swift */,
				E36C1AE025ECDEB400F6D4F1 /* WeeklyTableViewDataSource.swift */,
				D485B91725EA776300F55A55 /* Model.swift */,
				E3F97DEA25EE1DD400AB01BF /* ToDoDummyData.swift */,
			);
			path = Model;
			sourceTree = "<group>";
		};
		D485B90B25EA75E800F55A55 /* View */ = {
			isa = PBXGroup;
			children = (
				D485B8FA25EA747600F55A55 /* Main.storyboard */,
				E36C1AE325ECE09700F6D4F1 /* WeeklyTableViewDateCell.swift */,
				E3F97DF225EE28C600AB01BF /* WeeklyDetailTableViewCell.swift */,
				D485B8FF25EA747800F55A55 /* LaunchScreen.storyboard */,
				D485B91A25EA784200F55A55 /* CalendarCollectionViewDateCell.swift */,
				D485B91D25EA785E00F55A55 /* CalendarCollectionViewDateCell.xib */,
				D485B92025EA78D900F55A55 /* CheckListTableViewCell.swift */,
				D485B92125EA78D900F55A55 /* CheckListTableViewCell.xib */,
			);
			path = View;
			sourceTree = "<group>";
		};
		D485B90C25EA75EE00F55A55 /* Controller */ = {
			isa = PBXGroup;
			children = (
				D485B8F825EA747600F55A55 /* ViewController.swift */,
				EE5AC34325EA7E3A00D78574 /* FIrstViewController.swift */,
				D485B90D25EA762400F55A55 /* MonthlyViewController.swift */,
				D485B91125EA770100F55A55 /* CheckListViewController.swift */,
				0905F80625EA8BF900B2D6C9 /* DailyViewController.swift */,
				0905F80925EA8CD400B2D6C9 /* EntryViewController.swift */,
				E36C1AE625ECE58700F6D4F1 /* WeeklyViewController.swift */,
				E3F97DED25EE25FC00AB01BF /* WeeklyDetailViewController.swift */,
			);
			path = Controller;
			sourceTree = "<group>";
		};
/* End PBXGroup section */

/* Begin PBXNativeTarget section */
		D485B8F025EA747600F55A55 /* SimpleDiary_C */ = {
			isa = PBXNativeTarget;
			buildConfigurationList = D485B90525EA747800F55A55 /* Build configuration list for PBXNativeTarget "SimpleDiary_C" */;
			buildPhases = (
				D485B8ED25EA747600F55A55 /* Sources */,
				D485B8EE25EA747600F55A55 /* Frameworks */,
				D485B8EF25EA747600F55A55 /* Resources */,
			);
			buildRules = (
			);
			dependencies = (
			);
			name = SimpleDiary_C;
			productName = SimpleDiary_C;
			productReference = D485B8F125EA747600F55A55 /* SimpleDiary_C.app */;
			productType = "com.apple.product-type.application";
		};
/* End PBXNativeTarget section */

/* Begin PBXProject section */
		D485B8E925EA747600F55A55 /* Project object */ = {
			isa = PBXProject;
			attributes = {
				LastSwiftUpdateCheck = 1240;
				LastUpgradeCheck = 1240;
				TargetAttributes = {
					D485B8F025EA747600F55A55 = {
						CreatedOnToolsVersion = 12.4;
					};
				};
			};
			buildConfigurationList = D485B8EC25EA747600F55A55 /* Build configuration list for PBXProject "SimpleDiary_C" */;
			compatibilityVersion = "Xcode 9.3";
			developmentRegion = en;
			hasScannedForEncodings = 0;
			knownRegions = (
				en,
				Base,
			);
			mainGroup = D485B8E825EA747600F55A55;
			productRefGroup = D485B8F225EA747600F55A55 /* Products */;
			projectDirPath = "";
			projectRoot = "";
			targets = (
				D485B8F025EA747600F55A55 /* SimpleDiary_C */,
			);
		};
/* End PBXProject section */

/* Begin PBXResourcesBuildPhase section */
		D485B8EF25EA747600F55A55 /* Resources */ = {
			isa = PBXResourcesBuildPhase;
			buildActionMask = 2147483647;
			files = (
				D485B90125EA747800F55A55 /* LaunchScreen.storyboard in Resources */,
				D485B92325EA78D900F55A55 /* CheckListTableViewCell.xib in Resources */,
				D485B8FE25EA747800F55A55 /* Assets.xcassets in Resources */,
				D485B91E25EA785E00F55A55 /* CalendarCollectionViewDateCell.xib in Resources */,
				D485B8FC25EA747600F55A55 /* Main.storyboard in Resources */,
			);
			runOnlyForDeploymentPostprocessing = 0;
		};
/* End PBXResourcesBuildPhase section */

/* Begin PBXSourcesBuildPhase section */
		D485B8ED25EA747600F55A55 /* Sources */ = {
			isa = PBXSourcesBuildPhase;
			buildActionMask = 2147483647;
			files = (
				D485B91825EA776300F55A55 /* Model.swift in Sources */,
				E3F97DEE25EE25FC00AB01BF /* WeeklyDetailViewController.swift in Sources */,
				E36C1AE125ECDEB400F6D4F1 /* WeeklyTableViewDataSource.swift in Sources */,
				E3F97DF325EE28C600AB01BF /* WeeklyDetailTableViewCell.swift in Sources */,
				E36C1AE425ECE09700F6D4F1 /* WeeklyTableViewDateCell.swift in Sources */,
				E36C1AE725ECE58700F6D4F1 /* WeeklyViewController.swift in Sources */,
				D485B90E25EA762400F55A55 /* MonthlyViewController.swift in Sources */,
				0905F80725EA8BF900B2D6C9 /* DailyViewController.swift in Sources */,
				D485B91525EA773500F55A55 /* CalendarCollectionViewDataSource.swift in Sources */,
				EE5AC34425EA7E3A00D78574 /* FIrstViewController.swift in Sources */,
				0905F80A25EA8CD400B2D6C9 /* EntryViewController.swift in Sources */,
				D485B92225EA78D900F55A55 /* CheckListTableViewCell.swift in Sources */,
				D485B8F925EA747600F55A55 /* ViewController.swift in Sources */,
				D485B8F525EA747600F55A55 /* AppDelegate.swift in Sources */,
				D485B8F725EA747600F55A55 /* SceneDelegate.swift in Sources */,
				D485B91B25EA784200F55A55 /* CalendarCollectionViewDateCell.swift in Sources */,
				E3F97DEB25EE1DD400AB01BF /* ToDoDummyData.swift in Sources */,
				D485B91225EA770100F55A55 /* CheckListViewController.swift in Sources */,
			);
			runOnlyForDeploymentPostprocessing = 0;
		};
/* End PBXSourcesBuildPhase section */

/* Begin PBXVariantGroup section */
		D485B8FA25EA747600F55A55 /* Main.storyboard */ = {
			isa = PBXVariantGroup;
			children = (
				D485B8FB25EA747600F55A55 /* Base */,
			);
			name = Main.storyboard;
			sourceTree = "<group>";
		};
		D485B8FF25EA747800F55A55 /* LaunchScreen.storyboard */ = {
			isa = PBXVariantGroup;
			children = (
				D485B90025EA747800F55A55 /* Base */,
			);
			name = LaunchScreen.storyboard;
			sourceTree = "<group>";
		};
/* End PBXVariantGroup section */

/* Begin XCBuildConfiguration section */
		D485B90325EA747800F55A55 /* Debug */ = {
			isa = XCBuildConfiguration;
			buildSettings = {
				ALWAYS_SEARCH_USER_PATHS = NO;
				CLANG_ANALYZER_NONNULL = YES;
				CLANG_ANALYZER_NUMBER_OBJECT_CONVERSION = YES_AGGRESSIVE;
				CLANG_CXX_LANGUAGE_STANDARD = "gnu++14";
				CLANG_CXX_LIBRARY = "libc++";
				CLANG_ENABLE_MODULES = YES;
				CLANG_ENABLE_OBJC_ARC = YES;
				CLANG_ENABLE_OBJC_WEAK = YES;
				CLANG_WARN_BLOCK_CAPTURE_AUTORELEASING = YES;
				CLANG_WARN_BOOL_CONVERSION = YES;
				CLANG_WARN_COMMA = YES;
				CLANG_WARN_CONSTANT_CONVERSION = YES;
				CLANG_WARN_DEPRECATED_OBJC_IMPLEMENTATIONS = YES;
				CLANG_WARN_DIRECT_OBJC_ISA_USAGE = YES_ERROR;
				CLANG_WARN_DOCUMENTATION_COMMENTS = YES;
				CLANG_WARN_EMPTY_BODY = YES;
				CLANG_WARN_ENUM_CONVERSION = YES;
				CLANG_WARN_INFINITE_RECURSION = YES;
				CLANG_WARN_INT_CONVERSION = YES;
				CLANG_WARN_NON_LITERAL_NULL_CONVERSION = YES;
				CLANG_WARN_OBJC_IMPLICIT_RETAIN_SELF = YES;
				CLANG_WARN_OBJC_LITERAL_CONVERSION = YES;
				CLANG_WARN_OBJC_ROOT_CLASS = YES_ERROR;
				CLANG_WARN_QUOTED_INCLUDE_IN_FRAMEWORK_HEADER = YES;
				CLANG_WARN_RANGE_LOOP_ANALYSIS = YES;
				CLANG_WARN_STRICT_PROTOTYPES = YES;
				CLANG_WARN_SUSPICIOUS_MOVE = YES;
				CLANG_WARN_UNGUARDED_AVAILABILITY = YES_AGGRESSIVE;
				CLANG_WARN_UNREACHABLE_CODE = YES;
				CLANG_WARN__DUPLICATE_METHOD_MATCH = YES;
				COPY_PHASE_STRIP = NO;
				DEBUG_INFORMATION_FORMAT = dwarf;
				ENABLE_STRICT_OBJC_MSGSEND = YES;
				ENABLE_TESTABILITY = YES;
				GCC_C_LANGUAGE_STANDARD = gnu11;
				GCC_DYNAMIC_NO_PIC = NO;
				GCC_NO_COMMON_BLOCKS = YES;
				GCC_OPTIMIZATION_LEVEL = 0;
				GCC_PREPROCESSOR_DEFINITIONS = (
					"DEBUG=1",
					"$(inherited)",
				);
				GCC_WARN_64_TO_32_BIT_CONVERSION = YES;
				GCC_WARN_ABOUT_RETURN_TYPE = YES_ERROR;
				GCC_WARN_UNDECLARED_SELECTOR = YES;
				GCC_WARN_UNINITIALIZED_AUTOS = YES_AGGRESSIVE;
				GCC_WARN_UNUSED_FUNCTION = YES;
				GCC_WARN_UNUSED_VARIABLE = YES;
				IPHONEOS_DEPLOYMENT_TARGET = 14.4;
				MTL_ENABLE_DEBUG_INFO = INCLUDE_SOURCE;
				MTL_FAST_MATH = YES;
				ONLY_ACTIVE_ARCH = YES;
				SDKROOT = iphoneos;
				SWIFT_ACTIVE_COMPILATION_CONDITIONS = DEBUG;
				SWIFT_OPTIMIZATION_LEVEL = "-Onone";
			};
			name = Debug;
		};
		D485B90425EA747800F55A55 /* Release */ = {
			isa = XCBuildConfiguration;
			buildSettings = {
				ALWAYS_SEARCH_USER_PATHS = NO;
				CLANG_ANALYZER_NONNULL = YES;
				CLANG_ANALYZER_NUMBER_OBJECT_CONVERSION = YES_AGGRESSIVE;
				CLANG_CXX_LANGUAGE_STANDARD = "gnu++14";
				CLANG_CXX_LIBRARY = "libc++";
				CLANG_ENABLE_MODULES = YES;
				CLANG_ENABLE_OBJC_ARC = YES;
				CLANG_ENABLE_OBJC_WEAK = YES;
				CLANG_WARN_BLOCK_CAPTURE_AUTORELEASING = YES;
				CLANG_WARN_BOOL_CONVERSION = YES;
				CLANG_WARN_COMMA = YES;
				CLANG_WARN_CONSTANT_CONVERSION = YES;
				CLANG_WARN_DEPRECATED_OBJC_IMPLEMENTATIONS = YES;
				CLANG_WARN_DIRECT_OBJC_ISA_USAGE = YES_ERROR;
				CLANG_WARN_DOCUMENTATION_COMMENTS = YES;
				CLANG_WARN_EMPTY_BODY = YES;
				CLANG_WARN_ENUM_CONVERSION = YES;
				CLANG_WARN_INFINITE_RECURSION = YES;
				CLANG_WARN_INT_CONVERSION = YES;
				CLANG_WARN_NON_LITERAL_NULL_CONVERSION = YES;
				CLANG_WARN_OBJC_IMPLICIT_RETAIN_SELF = YES;
				CLANG_WARN_OBJC_LITERAL_CONVERSION = YES;
				CLANG_WARN_OBJC_ROOT_CLASS = YES_ERROR;
				CLANG_WARN_QUOTED_INCLUDE_IN_FRAMEWORK_HEADER = YES;
				CLANG_WARN_RANGE_LOOP_ANALYSIS = YES;
				CLANG_WARN_STRICT_PROTOTYPES = YES;
				CLANG_WARN_SUSPICIOUS_MOVE = YES;
				CLANG_WARN_UNGUARDED_AVAILABILITY = YES_AGGRESSIVE;
				CLANG_WARN_UNREACHABLE_CODE = YES;
				CLANG_WARN__DUPLICATE_METHOD_MATCH = YES;
				COPY_PHASE_STRIP = NO;
				DEBUG_INFORMATION_FORMAT = "dwarf-with-dsym";
				ENABLE_NS_ASSERTIONS = NO;
				ENABLE_STRICT_OBJC_MSGSEND = YES;
				GCC_C_LANGUAGE_STANDARD = gnu11;
				GCC_NO_COMMON_BLOCKS = YES;
				GCC_WARN_64_TO_32_BIT_CONVERSION = YES;
				GCC_WARN_ABOUT_RETURN_TYPE = YES_ERROR;
				GCC_WARN_UNDECLARED_SELECTOR = YES;
				GCC_WARN_UNINITIALIZED_AUTOS = YES_AGGRESSIVE;
				GCC_WARN_UNUSED_FUNCTION = YES;
				GCC_WARN_UNUSED_VARIABLE = YES;
				IPHONEOS_DEPLOYMENT_TARGET = 14.4;
				MTL_ENABLE_DEBUG_INFO = NO;
				MTL_FAST_MATH = YES;
				SDKROOT = iphoneos;
				SWIFT_COMPILATION_MODE = wholemodule;
				SWIFT_OPTIMIZATION_LEVEL = "-O";
				VALIDATE_PRODUCT = YES;
			};
			name = Release;
		};
		D485B90625EA747800F55A55 /* Debug */ = {
			isa = XCBuildConfiguration;
			buildSettings = {
				ASSETCATALOG_COMPILER_APPICON_NAME = AppIcon;
				ASSETCATALOG_COMPILER_GLOBAL_ACCENT_COLOR_NAME = AccentColor;
				CODE_SIGN_STYLE = Automatic;
				INFOPLIST_FILE = SimpleDiary_C/Info.plist;
				LD_RUNPATH_SEARCH_PATHS = (
					"$(inherited)",
					"@executable_path/Frameworks",
				);
				PRODUCT_BUNDLE_IDENTIFIER = "kr.pio.SimpleDiary-C";
				PRODUCT_NAME = "$(TARGET_NAME)";
				SWIFT_VERSION = 5.0;
				TARGETED_DEVICE_FAMILY = "1,2";
			};
			name = Debug;
		};
		D485B90725EA747800F55A55 /* Release */ = {
			isa = XCBuildConfiguration;
			buildSettings = {
				ASSETCATALOG_COMPILER_APPICON_NAME = AppIcon;
				ASSETCATALOG_COMPILER_GLOBAL_ACCENT_COLOR_NAME = AccentColor;
				CODE_SIGN_STYLE = Automatic;
				INFOPLIST_FILE = SimpleDiary_C/Info.plist;
				LD_RUNPATH_SEARCH_PATHS = (
					"$(inherited)",
					"@executable_path/Frameworks",
				);
				PRODUCT_BUNDLE_IDENTIFIER = "kr.pio.SimpleDiary-C";
				PRODUCT_NAME = "$(TARGET_NAME)";
				SWIFT_VERSION = 5.0;
				TARGETED_DEVICE_FAMILY = "1,2";
			};
			name = Release;
		};
/* End XCBuildConfiguration section */

/* Begin XCConfigurationList section */
		D485B8EC25EA747600F55A55 /* Build configuration list for PBXProject "SimpleDiary_C" */ = {
			isa = XCConfigurationList;
			buildConfigurations = (
				D485B90325EA747800F55A55 /* Debug */,
				D485B90425EA747800F55A55 /* Release */,
			);
			defaultConfigurationIsVisible = 0;
			defaultConfigurationName = Release;
		};
		D485B90525EA747800F55A55 /* Build configuration list for PBXNativeTarget "SimpleDiary_C" */ = {
			isa = XCConfigurationList;
			buildConfigurations = (
				D485B90625EA747800F55A55 /* Debug */,
				D485B90725EA747800F55A55 /* Release */,
			);
			defaultConfigurationIsVisible = 0;
			defaultConfigurationName = Release;
		};
/* End XCConfigurationList section */
	};
	rootObject = D485B8E925EA747600F55A55 /* Project object */;
}
